
Microsoft Visual Studio Solution File, Format Version 12.00
# Visual Studio Version 16
VisualStudioVersion = 16.0.29709.97
MinimumVisualStudioVersion = 10.0.40219.1
Project("{FAE04EC0-301F-11D3-BF4B-00C04F79EFBC}") = "BYSJ.Android", "BYSJ\BYSJ.Android\BYSJ.Android.csproj", "{B78527F0-C7A3-412D-BD89-5783A251C12A}"
EndProject
Project("{FAE04EC0-301F-11D3-BF4B-00C04F79EFBC}") = "BYSJ.iOS", "BYSJ\BYSJ.iOS\BYSJ.iOS.csproj", "{41B9B3DE-9CBC-4CC0-AA1D-6D0A59782829}"
EndProject
Project("{FAE04EC0-301F-11D3-BF4B-00C04F79EFBC}") = "BYSJ", "BYSJ\BYSJ\BYSJ.csproj", "{79D10A77-FD7B-4431-9A79-82B15AE5EC32}"
EndProject
Global
	GlobalSection(SolutionConfigurationPlatforms) = preSolution
		Debug|Any CPU = Debug|Any CPU
		Debug|iPhone = Debug|iPhone
		Debug|iPhoneSimulator = Debug|iPhoneSimulator
		Release|Any CPU = Release|Any CPU
		Release|iPhone = Release|iPhone
		Release|iPhoneSimulator = Release|iPhoneSimulator
	EndGlobalSection
	GlobalSection(ProjectConfigurationPlatforms) = postSolution
		{B78527F0-C7A3-412D-BD89-5783A251C12A}.Debug|Any CPU.ActiveCfg = Debug|Any CPU
		{B78527F0-C7A3-412D-BD89-5783A251C12A}.Debug|Any CPU.Build.0 = Debug|Any CPU
		{B78527F0-C7A3-412D-BD89-5783A251C12A}.Debug|Any CPU.Deploy.0 = Debug|Any CPU
		{B78527F0-C7A3-412D-BD89-5783A251C12A}.Debug|iPhone.ActiveCfg = Debug|Any CPU
		{B78527F0-C7A3-412D-BD89-5783A251C12A}.Debug|iPhone.Build.0 = Debug|Any CPU
		{B78527F0-C7A3-412D-BD89-5783A251C12A}.Debug|iPhone.Deploy.0 = Debug|Any CPU
		{B78527F0-C7A3-412D-BD89-5783A251C12A}.Debug|iPhoneSimulator.ActiveCfg = Debug|Any CPU
		{B78527F0-C7A3-412D-BD89-5783A251C12A}.Debug|iPhoneSimulator.Build.0 = Debug|Any CPU
		{B78527F0-C7A3-412D-BD89-5783A251C12A}.Debug|iPhoneSimulator.Deploy.0 = Debug|Any CPU
		{B78527F0-C7A3-412D-BD89-5783A251C12A}.Release|Any CPU.ActiveCfg = Release|Any CPU
		{B78527F0-C7A3-412D-BD89-5783A251C12A}.Release|Any CPU.Build.0 = Release|Any CPU
		{B78527F0-C7A3-412D-BD89-5783A251C12A}.Release|Any CPU.Deploy.0 = Release|Any CPU
		{B78527F0-C7A3-412D-BD89-5783A251C12A}.Release|iPhone.ActiveCfg = Release|Any CPU
		{B78527F0-C7A3-412D-BD89-5783A251C12A}.Release|iPhone.Build.0 = Release|Any CPU
		{B78527F0-C7A3-412D-BD89-5783A251C12A}.Release|iPhone.Deploy.0 = Release|Any CPU
		{B78527F0-C7A3-412D-BD89-5783A251C12A}.Release|iPhoneSimulator.ActiveCfg = Release|Any CPU
		{B78527F0-C7A3-412D-BD89-5783A251C12A}.Release|iPhoneSimulator.Build.0 = Release|Any CPU
		{B78527F0-C7A3-412D-BD89-5783A251C12A}.Release|iPhoneSimulator.Deploy.0 = Release|Any CPU
		{41B9B3DE-9CBC-4CC0-AA1D-6D0A59782829}.Debug|Any CPU.ActiveCfg = Debug|iPhoneSimulator
		{41B9B3DE-9CBC-4CC0-AA1D-6D0A59782829}.Debug|Any CPU.Build.0 = Debug|iPhoneSimulator
		{41B9B3DE-9CBC-4CC0-AA1D-6D0A59782829}.Debug|Any CPU.Deploy.0 = Debug|iPhoneSimulator
		{41B9B3DE-9CBC-4CC0-AA1D-6D0A59782829}.Debug|iPhone.ActiveCfg = Debug|iPhone
		{41B9B3DE-9CBC-4CC0-AA1D-6D0A59782829}.Debug|iPhone.Build.0 = Debug|iPhone
		{41B9B3DE-9CBC-4CC0-AA1D-6D0A59782829}.Debug|iPhone.Deploy.0 = Debug|iPhone
		{41B9B3DE-9CBC-4CC0-AA1D-6D0A59782829}.Debug|iPhoneSimulator.ActiveCfg = Debug|iPhoneSimulator
		{41B9B3DE-9CBC-4CC0-AA1D-6D0A59782829}.Debug|iPhoneSimulator.Build.0 = Debug|iPhoneSimulator
		{41B9B3DE-9CBC-4CC0-AA1D-6D0A59782829}.Debug|iPhoneSimulator.Deploy.0 = Debug|iPhoneSimulator
		{41B9B3DE-9CBC-4CC0-AA1D-6D0A59782829}.Release|Any CPU.ActiveCfg = Release|iPhone
		{41B9B3DE-9CBC-4CC0-AA1D-6D0A59782829}.Release|Any CPU.Build.0 = Release|iPhone
		{41B9B3DE-9CBC-4CC0-AA1D-6D0A59782829}.Release|Any CPU.Deploy.0 = Release|iPhone
		{41B9B3DE-9CBC-4CC0-AA1D-6D0A59782829}.Release|iPhone.ActiveCfg = Release|iPhone
		{41B9B3DE-9CBC-4CC0-AA1D-6D0A59782829}.Release|iPhone.Build.0 = Release|iPhone
		{41B9B3DE-9CBC-4CC0-AA1D-6D0A59782829}.Release|iPhone.Deploy.0 = Release|iPhone
		{41B9B3DE-9CBC-4CC0-AA1D-6D0A59782829}.Release|iPhoneSimulator.ActiveCfg = Release|iPhoneSimulator
		{41B9B3DE-9CBC-4CC0-AA1D-6D0A59782829}.Release|iPhoneSimulator.Build.0 = Release|iPhoneSimulator
		{41B9B3DE-9CBC-4CC0-AA1D-6D0A59782829}.Release|iPhoneSimulator.Deploy.0 = Release|iPhoneSimulator
		{79D10A77-FD7B-4431-9A79-82B15AE5EC32}.Debug|Any CPU.ActiveCfg = Debug|Any CPU
		{79D10A77-FD7B-4431-9A79-82B15AE5EC32}.Debug|Any CPU.Build.0 = Debug|Any CPU
		{79D10A77-FD7B-4431-9A79-82B15AE5EC32}.Debug|Any CPU.Deploy.0 = Debug|Any CPU
		{79D10A77-FD7B-4431-9A79-82B15AE5EC32}.Debug|iPhone.ActiveCfg = Debug|Any CPU
		{79D10A77-FD7B-4431-9A79-82B15AE5EC32}.Debug|iPhone.Build.0 = Debug|Any CPU
		{79D10A77-FD7B-4431-9A79-82B15AE5EC32}.Debug|iPhone.Deploy.0 = Debug|Any CPU
		{79D10A77-FD7B-4431-9A79-82B15AE5EC32}.Debug|iPhoneSimulator.ActiveCfg = Debug|Any CPU
		{79D10A77-FD7B-4431-9A79-82B15AE5EC32}.Debug|iPhoneSimulator.Build.0 = Debug|Any CPU
		{79D10A77-FD7B-4431-9A79-82B15AE5EC32}.Debug|iPhoneSimulator.Deploy.0 = Debug|Any CPU
		{79D10A77-FD7B-4431-9A79-82B15AE5EC32}.Release|Any CPU.ActiveCfg = Release|Any CPU
		{79D10A77-FD7B-4431-9A79-82B15AE5EC32}.Release|Any CPU.Build.0 = Release|Any CPU
		{79D10A77-FD7B-4431-9A79-82B15AE5EC32}.Release|Any CPU.Deploy.0 = Release|Any CPU
		{79D10A77-FD7B-4431-9A79-82B15AE5EC32}.Release|iPhone.ActiveCfg = Release|Any CPU
		{79D10A77-FD7B-4431-9A79-82B15AE5EC32}.Release|iPhone.Build.0 = Release|Any CPU
		{79D10A77-FD7B-4431-9A79-82B15AE5EC32}.Release|iPhone.Deploy.0 = Release|Any CPU
		{79D10A77-FD7B-4431-9A79-82B15AE5EC32}.Release|iPhoneSimulator.ActiveCfg = Release|Any CPU
		{79D10A77-FD7B-4431-9A79-82B15AE5EC32}.Release|iPhoneSimulator.Build.0 = Release|Any CPU
		{79D10A77-FD7B-4431-9A79-82B15AE5EC32}.Release|iPhoneSimulator.Deploy.0 = Release|Any CPU
	EndGlobalSection
	GlobalSection(SolutionProperties) = preSolution
		HideSolutionNode = FALSE
	EndGlobalSection
	GlobalSection(ExtensibilityGlobals) = postSolution
		SolutionGuid = {F6B576B7-753A-4481-A4DE-B2A070DEC996}
	EndGlobalSection
EndGlobal
